
Microsoft Visual Studio Solution File, Format Version 12.00
# Visual Studio Version 17
VisualStudioVersion = 17.0.32112.339
MinimumVisualStudioVersion = 10.0.40219.1
Project("{FAE04EC0-301F-11D3-BF4B-00C04F79EFBC}") = "OPEN OIG R", "OPEN OIG R.csproj", "{B9BFCE91-0AB0-4BD9-9987-235209D27352}"
EndProject
Global
	GlobalSection(SolutionConfigurationPlatforms) = preSolution
		Debug|Any CPU = Debug|Any CPU
		Release|Any CPU = Release|Any CPU
	EndGlobalSection
	GlobalSection(ProjectConfigurationPlatforms) = postSolution
		{B9BFCE91-0AB0-4BD9-9987-235209D27352}.Debug|Any CPU.ActiveCfg = Debug|Any CPU
		{B9BFCE91-0AB0-4BD9-9987-235209D27352}.Debug|Any CPU.Build.0 = Debug|Any CPU
		{B9BFCE91-0AB0-4BD9-9987-235209D27352}.Release|Any CPU.ActiveCfg = Release|Any CPU
		{B9BFCE91-0AB0-4BD9-9987-235209D27352}.Release|Any CPU.Build.0 = Release|Any CPU
	EndGlobalSection
	GlobalSection(SolutionProperties) = preSolution
		HideSolutionNode = FALSE
	EndGlobalSection
	GlobalSection(ExtensibilityGlobals) = postSolution
		SolutionGuid = {FF65D429-F94E-4A8F-8DAE-41D404800EE3}
	EndGlobalSection
EndGlobal
